
Microsoft Visual Studio Solution File, Format Version 12.00
# Visual Studio 15
VisualStudioVersion = 15.0.28010.2048
MinimumVisualStudioVersion = 10.0.40219.1
Project("{FAE04EC0-301F-11D3-BF4B-00C04F79EFBC}") = "TeleportDemention", "TeleportDemention\TeleportDemention.csproj", "{6766E371-4CD6-4C6F-A430-28FA542B2397}"
EndProject
Global
	GlobalSection(SolutionConfigurationPlatforms) = preSolution
		Debug|Any CPU = Debug|Any CPU
		Release|Any CPU = Release|Any CPU
	EndGlobalSection
	GlobalSection(ProjectConfigurationPlatforms) = postSolution
		{6766E371-4CD6-4C6F-A430-28FA542B2397}.Debug|Any CPU.ActiveCfg = Debug|Any CPU
		{6766E371-4CD6-4C6F-A430-28FA542B2397}.Debug|Any CPU.Build.0 = Debug|Any CPU
		{6766E371-4CD6-4C6F-A430-28FA542B2397}.Release|Any CPU.ActiveCfg = Release|Any CPU
		{6766E371-4CD6-4C6F-A430-28FA542B2397}.Release|Any CPU.Build.0 = Release|Any CPU
	EndGlobalSection
	GlobalSection(SolutionProperties) = preSolution
		HideSolutionNode = FALSE
	EndGlobalSection
	GlobalSection(ExtensibilityGlobals) = postSolution
		SolutionGuid = {5A7398F4-50FD-47E2-A56E-19C57FB34EBA}
	EndGlobalSection
EndGlobal
